
Microsoft Visual Studio Solution File, Format Version 10.00
# Visual Studio 2008
Project("{8BC9CEB8-8B4A-11D0-8D11-00A0C91BC942}") = "SimpsonPhoneM1", "SimpsonPhoneM1\SimpsonPhoneM1.vcproj", "{167FE927-EF71-4AC4-BD3B-900CFB618149}"
EndProject
Project("{8BC9CEB8-8B4A-11D0-8D11-00A0C91BC942}") = "HashLibrary", "HashLibrary\HashLibrary.vcproj", "{DD77BE10-2A4E-482F-BF35-68DFAE553D3B}"
EndProject
Project("{8BC9CEB8-8B4A-11D0-8D11-00A0C91BC942}") = "CommonModule", "CommonModule\CommonModule.vcproj", "{CE1C9EB3-39E0-4845-A532-40034B563BDB}"
EndProject
Project("{8BC9CEB8-8B4A-11D0-8D11-00A0C91BC942}") = "SipCore", "SipCore\SipCore.vcproj", "{B8838546-DB4B-4199-BAA5-1CDE89590DCD}"
EndProject
Project("{8BC9CEB8-8B4A-11D0-8D11-00A0C91BC942}") = "SKYSIPUA", "SKYSIPUA\SKYSIPUA.vcproj", "{0A4C5355-5B78-4662-AF10-60E8AE47BC6E}"
EndProject
Global
	GlobalSection(SolutionConfigurationPlatforms) = preSolution
		Debug|Mixed Platforms = Debug|Mixed Platforms
		Debug|Smartphone 2003 (ARMV4) = Debug|Smartphone 2003 (ARMV4)
		Debug|Windows Mobile 6 Professional SDK (ARMV4I) = Debug|Windows Mobile 6 Professional SDK (ARMV4I)
		Release|Mixed Platforms = Release|Mixed Platforms
		Release|Smartphone 2003 (ARMV4) = Release|Smartphone 2003 (ARMV4)
		Release|Windows Mobile 6 Professional SDK (ARMV4I) = Release|Windows Mobile 6 Professional SDK (ARMV4I)
	EndGlobalSection
	GlobalSection(ProjectConfigurationPlatforms) = postSolution
		{167FE927-EF71-4AC4-BD3B-900CFB618149}.Debug|Mixed Platforms.ActiveCfg = Debug|Windows Mobile 6 Professional SDK (ARMV4I)
		{167FE927-EF71-4AC4-BD3B-900CFB618149}.Debug|Mixed Platforms.Build.0 = Debug|Windows Mobile 6 Professional SDK (ARMV4I)
		{167FE927-EF71-4AC4-BD3B-900CFB618149}.Debug|Mixed Platforms.Deploy.0 = Debug|Windows Mobile 6 Professional SDK (ARMV4I)
		{167FE927-EF71-4AC4-BD3B-900CFB618149}.Debug|Smartphone 2003 (ARMV4).ActiveCfg = Debug|Windows Mobile 6 Professional SDK (ARMV4I)
		{167FE927-EF71-4AC4-BD3B-900CFB618149}.Debug|Windows Mobile 6 Professional SDK (ARMV4I).ActiveCfg = Debug|Windows Mobile 6 Professional SDK (ARMV4I)
		{167FE927-EF71-4AC4-BD3B-900CFB618149}.Debug|Windows Mobile 6 Professional SDK (ARMV4I).Build.0 = Debug|Windows Mobile 6 Professional SDK (ARMV4I)
		{167FE927-EF71-4AC4-BD3B-900CFB618149}.Debug|Windows Mobile 6 Professional SDK (ARMV4I).Deploy.0 = Debug|Windows Mobile 6 Professional SDK (ARMV4I)
		{167FE927-EF71-4AC4-BD3B-900CFB618149}.Release|Mixed Platforms.ActiveCfg = Release|Windows Mobile 6 Professional SDK (ARMV4I)
		{167FE927-EF71-4AC4-BD3B-900CFB618149}.Release|Mixed Platforms.Build.0 = Release|Windows Mobile 6 Professional SDK (ARMV4I)
		{167FE927-EF71-4AC4-BD3B-900CFB618149}.Release|Mixed Platforms.Deploy.0 = Release|Windows Mobile 6 Professional SDK (ARMV4I)
		{167FE927-EF71-4AC4-BD3B-900CFB618149}.Release|Smartphone 2003 (ARMV4).ActiveCfg = Release|Windows Mobile 6 Professional SDK (ARMV4I)
		{167FE927-EF71-4AC4-BD3B-900CFB618149}.Release|Windows Mobile 6 Professional SDK (ARMV4I).ActiveCfg = Release|Windows Mobile 6 Professional SDK (ARMV4I)
		{167FE927-EF71-4AC4-BD3B-900CFB618149}.Release|Windows Mobile 6 Professional SDK (ARMV4I).Build.0 = Release|Windows Mobile 6 Professional SDK (ARMV4I)
		{167FE927-EF71-4AC4-BD3B-900CFB618149}.Release|Windows Mobile 6 Professional SDK (ARMV4I).Deploy.0 = Release|Windows Mobile 6 Professional SDK (ARMV4I)
		{DD77BE10-2A4E-482F-BF35-68DFAE553D3B}.Debug|Mixed Platforms.ActiveCfg = Debug|Windows Mobile 6 Professional SDK (ARMV4I)
		{DD77BE10-2A4E-482F-BF35-68DFAE553D3B}.Debug|Mixed Platforms.Build.0 = Debug|Windows Mobile 6 Professional SDK (ARMV4I)
		{DD77BE10-2A4E-482F-BF35-68DFAE553D3B}.Debug|Mixed Platforms.Deploy.0 = Debug|Windows Mobile 6 Professional SDK (ARMV4I)
		{DD77BE10-2A4E-482F-BF35-68DFAE553D3B}.Debug|Smartphone 2003 (ARMV4).ActiveCfg = Debug|Windows Mobile 6 Professional SDK (ARMV4I)
		{DD77BE10-2A4E-482F-BF35-68DFAE553D3B}.Debug|Windows Mobile 6 Professional SDK (ARMV4I).ActiveCfg = Debug|Windows Mobile 6 Professional SDK (ARMV4I)
		{DD77BE10-2A4E-482F-BF35-68DFAE553D3B}.Debug|Windows Mobile 6 Professional SDK (ARMV4I).Build.0 = Debug|Windows Mobile 6 Professional SDK (ARMV4I)
		{DD77BE10-2A4E-482F-BF35-68DFAE553D3B}.Debug|Windows Mobile 6 Professional SDK (ARMV4I).Deploy.0 = Debug|Windows Mobile 6 Professional SDK (ARMV4I)
		{DD77BE10-2A4E-482F-BF35-68DFAE553D3B}.Release|Mixed Platforms.ActiveCfg = Release|Windows Mobile 6 Professional SDK (ARMV4I)
		{DD77BE10-2A4E-482F-BF35-68DFAE553D3B}.Release|Mixed Platforms.Build.0 = Release|Windows Mobile 6 Professional SDK (ARMV4I)
		{DD77BE10-2A4E-482F-BF35-68DFAE553D3B}.Release|Mixed Platforms.Deploy.0 = Release|Windows Mobile 6 Professional SDK (ARMV4I)
		{DD77BE10-2A4E-482F-BF35-68DFAE553D3B}.Release|Smartphone 2003 (ARMV4).ActiveCfg = Release|Windows Mobile 6 Professional SDK (ARMV4I)
		{DD77BE10-2A4E-482F-BF35-68DFAE553D3B}.Release|Windows Mobile 6 Professional SDK (ARMV4I).ActiveCfg = Release|Windows Mobile 6 Professional SDK (ARMV4I)
		{DD77BE10-2A4E-482F-BF35-68DFAE553D3B}.Release|Windows Mobile 6 Professional SDK (ARMV4I).Build.0 = Release|Windows Mobile 6 Professional SDK (ARMV4I)
		{DD77BE10-2A4E-482F-BF35-68DFAE553D3B}.Release|Windows Mobile 6 Professional SDK (ARMV4I).Deploy.0 = Release|Windows Mobile 6 Professional SDK (ARMV4I)
		{CE1C9EB3-39E0-4845-A532-40034B563BDB}.Debug|Mixed Platforms.ActiveCfg = Debug|Windows Mobile 6 Professional SDK (ARMV4I)
		{CE1C9EB3-39E0-4845-A532-40034B563BDB}.Debug|Mixed Platforms.Build.0 = Debug|Windows Mobile 6 Professional SDK (ARMV4I)
		{CE1C9EB3-39E0-4845-A532-40034B563BDB}.Debug|Mixed Platforms.Deploy.0 = Debug|Windows Mobile 6 Professional SDK (ARMV4I)
		{CE1C9EB3-39E0-4845-A532-40034B563BDB}.Debug|Smartphone 2003 (ARMV4).ActiveCfg = Debug|Windows Mobile 6 Professional SDK (ARMV4I)
		{CE1C9EB3-39E0-4845-A532-40034B563BDB}.Debug|Windows Mobile 6 Professional SDK (ARMV4I).ActiveCfg = Debug|Windows Mobile 6 Professional SDK (ARMV4I)
		{CE1C9EB3-39E0-4845-A532-40034B563BDB}.Debug|Windows Mobile 6 Professional SDK (ARMV4I).Build.0 = Debug|Windows Mobile 6 Professional SDK (ARMV4I)
		{CE1C9EB3-39E0-4845-A532-40034B563BDB}.Debug|Windows Mobile 6 Professional SDK (ARMV4I).Deploy.0 = Debug|Windows Mobile 6 Professional SDK (ARMV4I)
		{CE1C9EB3-39E0-4845-A532-40034B563BDB}.Release|Mixed Platforms.ActiveCfg = Release|Windows Mobile 6 Professional SDK (ARMV4I)
		{CE1C9EB3-39E0-4845-A532-40034B563BDB}.Release|Mixed Platforms.Build.0 = Release|Windows Mobile 6 Professional SDK (ARMV4I)
		{CE1C9EB3-39E0-4845-A532-40034B563BDB}.Release|Mixed Platforms.Deploy.0 = Release|Windows Mobile 6 Professional SDK (ARMV4I)
		{CE1C9EB3-39E0-4845-A532-40034B563BDB}.Release|Smartphone 2003 (ARMV4).ActiveCfg = Release|Windows Mobile 6 Professional SDK (ARMV4I)
		{CE1C9EB3-39E0-4845-A532-40034B563BDB}.Release|Windows Mobile 6 Professional SDK (ARMV4I).ActiveCfg = Release|Windows Mobile 6 Professional SDK (ARMV4I)
		{CE1C9EB3-39E0-4845-A532-40034B563BDB}.Release|Windows Mobile 6 Professional SDK (ARMV4I).Build.0 = Release|Windows Mobile 6 Professional SDK (ARMV4I)
		{CE1C9EB3-39E0-4845-A532-40034B563BDB}.Release|Windows Mobile 6 Professional SDK (ARMV4I).Deploy.0 = Release|Windows Mobile 6 Professional SDK (ARMV4I)
		{B8838546-DB4B-4199-BAA5-1CDE89590DCD}.Debug|Mixed Platforms.ActiveCfg = Debug|Windows Mobile 6 Professional SDK (ARMV4I)
		{B8838546-DB4B-4199-BAA5-1CDE89590DCD}.Debug|Mixed Platforms.Build.0 = Debug|Windows Mobile 6 Professional SDK (ARMV4I)
		{B8838546-DB4B-4199-BAA5-1CDE89590DCD}.Debug|Mixed Platforms.Deploy.0 = Debug|Windows Mobile 6 Professional SDK (ARMV4I)
		{B8838546-DB4B-4199-BAA5-1CDE89590DCD}.Debug|Smartphone 2003 (ARMV4).ActiveCfg = Debug|Windows Mobile 6 Professional SDK (ARMV4I)
		{B8838546-DB4B-4199-BAA5-1CDE89590DCD}.Debug|Windows Mobile 6 Professional SDK (ARMV4I).ActiveCfg = Debug|Windows Mobile 6 Professional SDK (ARMV4I)
		{B8838546-DB4B-4199-BAA5-1CDE89590DCD}.Debug|Windows Mobile 6 Professional SDK (ARMV4I).Build.0 = Debug|Windows Mobile 6 Professional SDK (ARMV4I)
		{B8838546-DB4B-4199-BAA5-1CDE89590DCD}.Debug|Windows Mobile 6 Professional SDK (ARMV4I).Deploy.0 = Debug|Windows Mobile 6 Professional SDK (ARMV4I)
		{B8838546-DB4B-4199-BAA5-1CDE89590DCD}.Release|Mixed Platforms.ActiveCfg = Release|Windows Mobile 6 Professional SDK (ARMV4I)
		{B8838546-DB4B-4199-BAA5-1CDE89590DCD}.Release|Mixed Platforms.Build.0 = Release|Windows Mobile 6 Professional SDK (ARMV4I)
		{B8838546-DB4B-4199-BAA5-1CDE89590DCD}.Release|Mixed Platforms.Deploy.0 = Release|Windows Mobile 6 Professional SDK (ARMV4I)
		{B8838546-DB4B-4199-BAA5-1CDE89590DCD}.Release|Smartphone 2003 (ARMV4).ActiveCfg = Release|Windows Mobile 6 Professional SDK (ARMV4I)
		{B8838546-DB4B-4199-BAA5-1CDE89590DCD}.Release|Windows Mobile 6 Professional SDK (ARMV4I).ActiveCfg = Release|Windows Mobile 6 Professional SDK (ARMV4I)
		{B8838546-DB4B-4199-BAA5-1CDE89590DCD}.Release|Windows Mobile 6 Professional SDK (ARMV4I).Build.0 = Release|Windows Mobile 6 Professional SDK (ARMV4I)
		{B8838546-DB4B-4199-BAA5-1CDE89590DCD}.Release|Windows Mobile 6 Professional SDK (ARMV4I).Deploy.0 = Release|Windows Mobile 6 Professional SDK (ARMV4I)
		{0A4C5355-5B78-4662-AF10-60E8AE47BC6E}.Debug|Mixed Platforms.ActiveCfg = Debug|Windows Mobile 6 Professional SDK (ARMV4I)
		{0A4C5355-5B78-4662-AF10-60E8AE47BC6E}.Debug|Mixed Platforms.Build.0 = Debug|Windows Mobile 6 Professional SDK (ARMV4I)
		{0A4C5355-5B78-4662-AF10-60E8AE47BC6E}.Debug|Mixed Platforms.Deploy.0 = Debug|Windows Mobile 6 Professional SDK (ARMV4I)
		{0A4C5355-5B78-4662-AF10-60E8AE47BC6E}.Debug|Smartphone 2003 (ARMV4).ActiveCfg = Debug|Windows Mobile 6 Professional SDK (ARMV4I)
		{0A4C5355-5B78-4662-AF10-60E8AE47BC6E}.Debug|Windows Mobile 6 Professional SDK (ARMV4I).ActiveCfg = Debug|Windows Mobile 6 Professional SDK (ARMV4I)
		{0A4C5355-5B78-4662-AF10-60E8AE47BC6E}.Debug|Windows Mobile 6 Professional SDK (ARMV4I).Build.0 = Debug|Windows Mobile 6 Professional SDK (ARMV4I)
		{0A4C5355-5B78-4662-AF10-60E8AE47BC6E}.Debug|Windows Mobile 6 Professional SDK (ARMV4I).Deploy.0 = Debug|Windows Mobile 6 Professional SDK (ARMV4I)
		{0A4C5355-5B78-4662-AF10-60E8AE47BC6E}.Release|Mixed Platforms.ActiveCfg = Release|Windows Mobile 6 Professional SDK (ARMV4I)
		{0A4C5355-5B78-4662-AF10-60E8AE47BC6E}.Release|Mixed Platforms.Build.0 = Release|Windows Mobile 6 Professional SDK (ARMV4I)
		{0A4C5355-5B78-4662-AF10-60E8AE47BC6E}.Release|Mixed Platforms.Deploy.0 = Release|Windows Mobile 6 Professional SDK (ARMV4I)
		{0A4C5355-5B78-4662-AF10-60E8AE47BC6E}.Release|Smartphone 2003 (ARMV4).ActiveCfg = Release|Windows Mobile 6 Professional SDK (ARMV4I)
		{0A4C5355-5B78-4662-AF10-60E8AE47BC6E}.Release|Windows Mobile 6 Professional SDK (ARMV4I).ActiveCfg = Release|Windows Mobile 6 Professional SDK (ARMV4I)
		{0A4C5355-5B78-4662-AF10-60E8AE47BC6E}.Release|Windows Mobile 6 Professional SDK (ARMV4I).Build.0 = Release|Windows Mobile 6 Professional SDK (ARMV4I)
		{0A4C5355-5B78-4662-AF10-60E8AE47BC6E}.Release|Windows Mobile 6 Professional SDK (ARMV4I).Deploy.0 = Release|Windows Mobile 6 Professional SDK (ARMV4I)
	EndGlobalSection
	GlobalSection(SolutionProperties) = preSolution
		HideSolutionNode = FALSE
	EndGlobalSection
EndGlobal
